PODS:
  - Alamofire (5.0.5)
  - SolarNetwork (5.0.0):
    - Alamofire

DEPENDENCIES:
  - Alamofire (~> 5.0.0-rc.2)
  - SolarNetwork (from `../`)

SPEC REPOS:
  https://github.com/cocoapods/specs.git:
    - Alamofire

EXTERNAL SOURCES:
  SolarNetwork:
    :path: "../"

SPEC CHECKSUMS:
  Alamofire: df2f8f826963b08b9a870791ad48e07a10090b2e
  SolarNetwork: c78e9369106e6e46ca350ec7c174d99f09fc2fdc

PODFILE CHECKSUM: 3216a036c044dde4e6bd1e1a58928e6f0e7e1efa

COCOAPODS: 1.7.2
