PODS:
  - Alamofire (4.6.0)
  - SolarNetwork (1.0.9):
    - Alamofire

DEPENDENCIES:
  - SolarNetwork (from `../`)

SPEC REPOS:
  https://github.com/CocoaPods/Specs.git:
    - Alamofire

EXTERNAL SOURCES:
  SolarNetwork:
    :path: "../"

SPEC CHECKSUMS:
  Alamofire: f41a599bd63041760b26d393ec1069d9d7b917f4
  SolarNetwork: c53be64d5149c0a6948040cb488cdb730affc677

PODFILE CHECKSUM: 6654e6e2f969e7637ec02d3250628b7292327129

COCOAPODS: 1.5.0
