// !$*UTF8*$!
{
	archiveVersion = 1;
	classes = {
	};
	objectVersion = 48;
	objects = {

/* Begin PBXBuildFile section */
		4A3D0424261DBE3EC3620495 /* Pods_SolarKit_SwiftExample.framework in Frameworks */ = {isa = PBXBuildFile; fileRef = DAD2148ACF410D913B6020BD /* Pods_SolarKit_SwiftExample.framework */; };
		F86945662006FA7100123862 /* SLPlugin.swift in Sources */ = {isa = PBXBuildFile; fileRef = F86945652006FA7100123862 /* SLPlugin.swift */; };
		F86945682006FB2700123862 /* SLResponse.swift in Sources */ = {isa = PBXBuildFile; fileRef = F86945672006FB2700123862 /* SLResponse.swift */; };
		F86945712008AC8700123862 /* GitHub.swift in Sources */ = {isa = PBXBuildFile; fileRef = F86945702008AC8700123862 /* GitHub.swift */; };
		F86945732008AD2700123862 /* APIRequest.swift in Sources */ = {isa = PBXBuildFile; fileRef = F86945722008AD2700123862 /* APIRequest.swift */; };
		F86945752008AD4600123862 /* APIModel.swift in Sources */ = {isa = PBXBuildFile; fileRef = F86945742008AD4600123862 /* APIModel.swift */; };
		F8751CF51FFC6A6B009CB58C /* AppDelegate.swift in Sources */ = {isa = PBXBuildFile; fileRef = F8751CF41FFC6A6B009CB58C /* AppDelegate.swift */; };
		F8751CF71FFC6A6B009CB58C /* ViewController.swift in Sources */ = {isa = PBXBuildFile; fileRef = F8751CF61FFC6A6B009CB58C /* ViewController.swift */; };
		F8751CFA1FFC6A6B009CB58C /* Main.storyboard in Resources */ = {isa = PBXBuildFile; fileRef = F8751CF81FFC6A6B009CB58C /* Main.storyboard */; };
		F8751CFC1FFC6A6B009CB58C /* Assets.xcassets in Resources */ = {isa = PBXBuildFile; fileRef = F8751CFB1FFC6A6B009CB58C /* Assets.xcassets */; };
		F8751CFF1FFC6A6B009CB58C /* LaunchScreen.storyboard in Resources */ = {isa = PBXBuildFile; fileRef = F8751CFD1FFC6A6B009CB58C /* LaunchScreen.storyboard */; };
		F8B96E082000C5E100A07709 /* SLRequest.swift in Sources */ = {isa = PBXBuildFile; fileRef = F8B96E072000C5E100A07709 /* SLRequest.swift */; };
		F8B96E11200375D800A07709 /* SLReflection.swift in Sources */ = {isa = PBXBuildFile; fileRef = F8B96E10200375D800A07709 /* SLReflection.swift */; };
		F8B96E1320046D3E00A07709 /* SLNetwork.swift in Sources */ = {isa = PBXBuildFile; fileRef = F8B96E1220046D3E00A07709 /* SLNetwork.swift */; };
		F8B96E1520046E9800A07709 /* SLTarget.swift in Sources */ = {isa = PBXBuildFile; fileRef = F8B96E1420046E9800A07709 /* SLTarget.swift */; };
/* End PBXBuildFile section */

/* Begin PBXFileReference section */
		7F1D8FFAFBE1DE950B11D2AD /* Pods-SolarKit-SwiftExample.debug.xcconfig */ = {isa = PBXFileReference; includeInIndex = 1; lastKnownFileType = text.xcconfig; name = "Pods-SolarKit-SwiftExample.debug.xcconfig"; path = "Pods/Target Support Files/Pods-SolarKit-SwiftExample/Pods-SolarKit-SwiftExample.debug.xcconfig"; sourceTree = "<group>"; };
		847AE5423D0AC18514EB6E64 /* Pods-SolarKit-SwiftExample.sit.xcconfig */ = {isa = PBXFileReference; includeInIndex = 1; lastKnownFileType = text.xcconfig; name = "Pods-SolarKit-SwiftExample.sit.xcconfig"; path = "Pods/Target Support Files/Pods-SolarKit-SwiftExample/Pods-SolarKit-SwiftExample.sit.xcconfig"; sourceTree = "<group>"; };
		9DEA2FB203FF8262C7FB8FD7 /* Pods-SolarKit-SwiftExample.release.xcconfig */ = {isa = PBXFileReference; includeInIndex = 1; lastKnownFileType = text.xcconfig; name = "Pods-SolarKit-SwiftExample.release.xcconfig"; path = "Pods/Target Support Files/Pods-SolarKit-SwiftExample/Pods-SolarKit-SwiftExample.release.xcconfig"; sourceTree = "<group>"; };
		DAD2148ACF410D913B6020BD /* Pods_SolarKit_SwiftExample.framework */ = {isa = PBXFileReference; explicitFileType = wrapper.framework; includeInIndex = 0; path = Pods_SolarKit_SwiftExample.framework; sourceTree = BUILT_PRODUCTS_DIR; };
		F86945652006FA7100123862 /* SLPlugin.swift */ = {isa = PBXFileReference; lastKnownFileType = sourcecode.swift; path = SLPlugin.swift; sourceTree = "<group>"; };
		F86945672006FB2700123862 /* SLResponse.swift */ = {isa = PBXFileReference; lastKnownFileType = sourcecode.swift; path = SLResponse.swift; sourceTree = "<group>"; };
		F86945702008AC8700123862 /* GitHub.swift */ = {isa = PBXFileReference; lastKnownFileType = sourcecode.swift; path = GitHub.swift; sourceTree = "<group>"; };
		F86945722008AD2700123862 /* APIRequest.swift */ = {isa = PBXFileReference; lastKnownFileType = sourcecode.swift; path = APIRequest.swift; sourceTree = "<group>"; };
		F86945742008AD4600123862 /* APIModel.swift */ = {isa = PBXFileReference; lastKnownFileType = sourcecode.swift; path = APIModel.swift; sourceTree = "<group>"; };
		F8751CF11FFC6A6B009CB58C /* SolarKit-SwiftExample.app */ = {isa = PBXFileReference; explicitFileType = wrapper.application; includeInIndex = 0; path = "SolarKit-SwiftExample.app"; sourceTree = BUILT_PRODUCTS_DIR; };
		F8751CF41FFC6A6B009CB58C /* AppDelegate.swift */ = {isa = PBXFileReference; lastKnownFileType = sourcecode.swift; path = AppDelegate.swift; sourceTree = "<group>"; };
		F8751CF61FFC6A6B009CB58C /* ViewController.swift */ = {isa = PBXFileReference; lastKnownFileType = sourcecode.swift; path = ViewController.swift; sourceTree = "<group>"; };
		F8751CF91FFC6A6B009CB58C /* Base */ = {isa = PBXFileReference; lastKnownFileType = file.storyboard; name = Base; path = Base.lproj/Main.storyboard; sourceTree = "<group>"; };
		F8751CFB1FFC6A6B009CB58C /* Assets.xcassets */ = {isa = PBXFileReference; lastKnownFileType = folder.assetcatalog; path = Assets.xcassets; sourceTree = "<group>"; };
		F8751CFE1FFC6A6B009CB58C /* Base */ = {isa = PBXFileReference; lastKnownFileType = file.storyboard; name = Base; path = Base.lproj/LaunchScreen.storyboard; sourceTree = "<group>"; };
		F8751D001FFC6A6B009CB58C /* Info.plist */ = {isa = PBXFileReference; lastKnownFileType = text.plist.xml; path = Info.plist; sourceTree = "<group>"; };
		F8B96E072000C5E100A07709 /* SLRequest.swift */ = {isa = PBXFileReference; lastKnownFileType = sourcecode.swift; path = SLRequest.swift; sourceTree = "<group>"; };
		F8B96E10200375D800A07709 /* SLReflection.swift */ = {isa = PBXFileReference; lastKnownFileType = sourcecode.swift; path = SLReflection.swift; sourceTree = "<group>"; };
		F8B96E1220046D3E00A07709 /* SLNetwork.swift */ = {isa = PBXFileReference; lastKnownFileType = sourcecode.swift; path = SLNetwork.swift; sourceTree = "<group>"; };
		F8B96E1420046E9800A07709 /* SLTarget.swift */ = {isa = PBXFileReference; lastKnownFileType = sourcecode.swift; path = SLTarget.swift; sourceTree = "<group>"; };
/* End PBXFileReference section */

/* Begin PBXFrameworksBuildPhase section */
		F8751CEE1FFC6A6B009CB58C /* Frameworks */ = {
			isa = PBXFrameworksBuildPhase;
			buildActionMask = 2147483647;
			files = (
				4A3D0424261DBE3EC3620495 /* Pods_SolarKit_SwiftExample.framework in Frameworks */,
			);
			runOnlyForDeploymentPostprocessing = 0;
		};
/* End PBXFrameworksBuildPhase section */

/* Begin PBXGroup section */
		85E23340E09559AB7F495090 /* Frameworks */ = {
			isa = PBXGroup;
			children = (
				DAD2148ACF410D913B6020BD /* Pods_SolarKit_SwiftExample.framework */,
			);
			name = Frameworks;
			sourceTree = "<group>";
		};
		C5977E785DED30A6D81DF80E /* Pods */ = {
			isa = PBXGroup;
			children = (
				7F1D8FFAFBE1DE950B11D2AD /* Pods-SolarKit-SwiftExample.debug.xcconfig */,
				9DEA2FB203FF8262C7FB8FD7 /* Pods-SolarKit-SwiftExample.release.xcconfig */,
				847AE5423D0AC18514EB6E64 /* Pods-SolarKit-SwiftExample.sit.xcconfig */,
			);
			name = Pods;
			sourceTree = "<group>";
		};
		F869456C2008AC2A00123862 /* NetworkExample */ = {
			isa = PBXGroup;
			children = (
				F869456F2008AC4C00123862 /* Model */,
				F869456E2008AC4B00123862 /* Request */,
				F869456D2008AC4B00123862 /* Target */,
			);
			path = NetworkExample;
			sourceTree = "<group>";
		};
		F869456D2008AC4B00123862 /* Target */ = {
			isa = PBXGroup;
			children = (
				F86945702008AC8700123862 /* GitHub.swift */,
			);
			path = Target;
			sourceTree = "<group>";
		};
		F869456E2008AC4B00123862 /* Request */ = {
			isa = PBXGroup;
			children = (
				F86945722008AD2700123862 /* APIRequest.swift */,
			);
			path = Request;
			sourceTree = "<group>";
		};
		F869456F2008AC4C00123862 /* Model */ = {
			isa = PBXGroup;
			children = (
				F86945742008AD4600123862 /* APIModel.swift */,
			);
			path = Model;
			sourceTree = "<group>";
		};
		F8751CE81FFC6A6B009CB58C = {
			isa = PBXGroup;
			children = (
				F8751D071FFC6B15009CB58C /* SolarKit-Swift */,
				F8751CF31FFC6A6B009CB58C /* SolarKit-SwiftExample */,
				F8751CF21FFC6A6B009CB58C /* Products */,
				C5977E785DED30A6D81DF80E /* Pods */,
				85E23340E09559AB7F495090 /* Frameworks */,
			);
			sourceTree = "<group>";
		};
		F8751CF21FFC6A6B009CB58C /* Products */ = {
			isa = PBXGroup;
			children = (
				F8751CF11FFC6A6B009CB58C /* SolarKit-SwiftExample.app */,
			);
			name = Products;
			sourceTree = "<group>";
		};
		F8751CF31FFC6A6B009CB58C /* SolarKit-SwiftExample */ = {
			isa = PBXGroup;
			children = (
				F869456C2008AC2A00123862 /* NetworkExample */,
				F8751CF41FFC6A6B009CB58C /* AppDelegate.swift */,
				F8751CF61FFC6A6B009CB58C /* ViewController.swift */,
				F8751CF81FFC6A6B009CB58C /* Main.storyboard */,
				F8751CFB1FFC6A6B009CB58C /* Assets.xcassets */,
				F8751CFD1FFC6A6B009CB58C /* LaunchScreen.storyboard */,
				F8751D001FFC6A6B009CB58C /* Info.plist */,
			);
			path = "SolarKit-SwiftExample";
			sourceTree = "<group>";
		};
		F8751D071FFC6B15009CB58C /* SolarKit-Swift */ = {
			isa = PBXGroup;
			children = (
				F8B96E0F200375C900A07709 /* Reflection */,
				F8B96E062000C26900A07709 /* Network */,
				F8751D081FFC7255009CB58C /* Extention */,
			);
			name = "SolarKit-Swift";
			path = "../SolarKit-Swift";
			sourceTree = "<group>";
		};
		F8751D081FFC7255009CB58C /* Extention */ = {
			isa = PBXGroup;
			children = (
				F8751D091FFC7255009CB58C /* UIKit */,
				F8751D0A1FFC7255009CB58C /* Foundation */,
			);
			path = Extention;
			sourceTree = "<group>";
		};
		F8751D091FFC7255009CB58C /* UIKit */ = {
			isa = PBXGroup;
			children = (
			);
			path = UIKit;
			sourceTree = "<group>";
		};
		F8751D0A1FFC7255009CB58C /* Foundation */ = {
			isa = PBXGroup;
			children = (
			);
			path = Foundation;
			sourceTree = "<group>";
		};
		F8B96E062000C26900A07709 /* Network */ = {
			isa = PBXGroup;
			children = (
				F8B96E1220046D3E00A07709 /* SLNetwork.swift */,
				F8B96E1420046E9800A07709 /* SLTarget.swift */,
				F8B96E072000C5E100A07709 /* SLRequest.swift */,
				F86945672006FB2700123862 /* SLResponse.swift */,
				F86945652006FA7100123862 /* SLPlugin.swift */,
			);
			path = Network;
			sourceTree = "<group>";
		};
		F8B96E0F200375C900A07709 /* Reflection */ = {
			isa = PBXGroup;
			children = (
				F8B96E10200375D800A07709 /* SLReflection.swift */,
			);
			path = Reflection;
			sourceTree = "<group>";
		};
/* End PBXGroup section */

/* Begin PBXNativeTarget section */
		F8751CF01FFC6A6B009CB58C /* SolarKit-SwiftExample */ = {
			isa = PBXNativeTarget;
			buildConfigurationList = F8751D031FFC6A6B009CB58C /* Build configuration list for PBXNativeTarget "SolarKit-SwiftExample" */;
			buildPhases = (
				58A3F5D2AED74F90B1D92C25 /* [CP] Check Pods Manifest.lock */,
				F8751CED1FFC6A6B009CB58C /* Sources */,
				F8751CEE1FFC6A6B009CB58C /* Frameworks */,
				F8751CEF1FFC6A6B009CB58C /* Resources */,
				2CFA53A9A1E0D703E62FBD88 /* [CP] Embed Pods Frameworks */,
				34A57F3727213F0141715AB1 /* [CP] Copy Pods Resources */,
				F850B29A1FFF08AC000D62B5 /* TODO- */,
			);
			buildRules = (
			);
			dependencies = (
			);
			name = "SolarKit-SwiftExample";
			productName = "SolarKit-SwiftExample";
			productReference = F8751CF11FFC6A6B009CB58C /* SolarKit-SwiftExample.app */;
			productType = "com.apple.product-type.application";
		};
/* End PBXNativeTarget section */

/* Begin PBXProject section */
		F8751CE91FFC6A6B009CB58C /* Project object */ = {
			isa = PBXProject;
			attributes = {
				LastSwiftUpdateCheck = 0920;
				LastUpgradeCheck = 0920;
				ORGANIZATIONNAME = SolarKit;
				TargetAttributes = {
					F8751CF01FFC6A6B009CB58C = {
						CreatedOnToolsVersion = 9.2;
						ProvisioningStyle = Manual;
					};
				};
			};
			buildConfigurationList = F8751CEC1FFC6A6B009CB58C /* Build configuration list for PBXProject "SolarKit-SwiftExample" */;
			compatibilityVersion = "Xcode 8.0";
			developmentRegion = en;
			hasScannedForEncodings = 0;
			knownRegions = (
				en,
				Base,
			);
			mainGroup = F8751CE81FFC6A6B009CB58C;
			productRefGroup = F8751CF21FFC6A6B009CB58C /* Products */;
			projectDirPath = "";
			projectRoot = "";
			targets = (
				F8751CF01FFC6A6B009CB58C /* SolarKit-SwiftExample */,
			);
		};
/* End PBXProject section */

/* Begin PBXResourcesBuildPhase section */
		F8751CEF1FFC6A6B009CB58C /* Resources */ = {
			isa = PBXResourcesBuildPhase;
			buildActionMask = 2147483647;
			files = (
				F8751CFF1FFC6A6B009CB58C /* LaunchScreen.storyboard in Resources */,
				F8751CFC1FFC6A6B009CB58C /* Assets.xcassets in Resources */,
				F8751CFA1FFC6A6B009CB58C /* Main.storyboard in Resources */,
			);
			runOnlyForDeploymentPostprocessing = 0;
		};
/* End PBXResourcesBuildPhase section */

/* Begin PBXShellScriptBuildPhase section */
		2CFA53A9A1E0D703E62FBD88 /* [CP] Embed Pods Frameworks */ = {
			isa = PBXShellScriptBuildPhase;
			buildActionMask = 2147483647;
			files = (
			);
			inputPaths = (
			);
			name = "[CP] Embed Pods Frameworks";
			outputPaths = (
			);
			runOnlyForDeploymentPostprocessing = 0;
			shellPath = /bin/sh;
			shellScript = "\"${SRCROOT}/Pods/Target Support Files/Pods-SolarKit-SwiftExample/Pods-SolarKit-SwiftExample-frameworks.sh\"\n";
			showEnvVarsInLog = 0;
		};
		34A57F3727213F0141715AB1 /* [CP] Copy Pods Resources */ = {
			isa = PBXShellScriptBuildPhase;
			buildActionMask = 2147483647;
			files = (
			);
			inputPaths = (
			);
			name = "[CP] Copy Pods Resources";
			outputPaths = (
			);
			runOnlyForDeploymentPostprocessing = 0;
			shellPath = /bin/sh;
			shellScript = "\"${SRCROOT}/Pods/Target Support Files/Pods-SolarKit-SwiftExample/Pods-SolarKit-SwiftExample-resources.sh\"\n";
			showEnvVarsInLog = 0;
		};
		58A3F5D2AED74F90B1D92C25 /* [CP] Check Pods Manifest.lock */ = {
			isa = PBXShellScriptBuildPhase;
			buildActionMask = 2147483647;
			files = (
			);
			inputPaths = (
			);
			name = "[CP] Check Pods Manifest.lock";
			outputPaths = (
			);
			runOnlyForDeploymentPostprocessing = 0;
			shellPath = /bin/sh;
			shellScript = "diff \"${PODS_ROOT}/../Podfile.lock\" \"${PODS_ROOT}/Manifest.lock\" > /dev/null\nif [ $? != 0 ] ; then\n    # print error to STDERR\n    echo \"error: The sandbox is not in sync with the Podfile.lock. Run 'pod install' or update your CocoaPods installation.\" >&2\n    exit 1\nfi\n";
			showEnvVarsInLog = 0;
		};
		F850B29A1FFF08AC000D62B5 /* TODO- */ = {
			isa = PBXShellScriptBuildPhase;
			buildActionMask = 2147483647;
			files = (
			);
			inputPaths = (
			);
			name = "TODO-";
			outputPaths = (
			);
			runOnlyForDeploymentPostprocessing = 0;
			shellPath = /bin/sh;
			shellScript = "KEYWORDS=\"TODO-|XXX-\"\nfind \"${SRCROOT}\" \\( -name \"*.swift\" -or -name \"*.h\" -or -name \"*.m\" \\) -print0 | xargs -0 egrep --with-filename --line-number --only-matching \"($KEYWORDS).*\\$\" | perl -p -e \"s/($KEYWORDS)/ warning: \\$1/\"";
		};
/* End PBXShellScriptBuildPhase section */

/* Begin PBXSourcesBuildPhase section */
		F8751CED1FFC6A6B009CB58C /* Sources */ = {
			isa = PBXSourcesBuildPhase;
			buildActionMask = 2147483647;
			files = (
				F86945662006FA7100123862 /* SLPlugin.swift in Sources */,
				F8B96E11200375D800A07709 /* SLReflection.swift in Sources */,
				F8751CF71FFC6A6B009CB58C /* ViewController.swift in Sources */,
				F8B96E082000C5E100A07709 /* SLRequest.swift in Sources */,
				F86945752008AD4600123862 /* APIModel.swift in Sources */,
				F8B96E1320046D3E00A07709 /* SLNetwork.swift in Sources */,
				F86945682006FB2700123862 /* SLResponse.swift in Sources */,
				F86945712008AC8700123862 /* GitHub.swift in Sources */,
				F8B96E1520046E9800A07709 /* SLTarget.swift in Sources */,
				F86945732008AD2700123862 /* APIRequest.swift in Sources */,
				F8751CF51FFC6A6B009CB58C /* AppDelegate.swift in Sources */,
			);
			runOnlyForDeploymentPostprocessing = 0;
		};
/* End PBXSourcesBuildPhase section */

/* Begin PBXVariantGroup section */
		F8751CF81FFC6A6B009CB58C /* Main.storyboard */ = {
			isa = PBXVariantGroup;
			children = (
				F8751CF91FFC6A6B009CB58C /* Base */,
			);
			name = Main.storyboard;
			sourceTree = "<group>";
		};
		F8751CFD1FFC6A6B009CB58C /* LaunchScreen.storyboard */ = {
			isa = PBXVariantGroup;
			children = (
				F8751CFE1FFC6A6B009CB58C /* Base */,
			);
			name = LaunchScreen.storyboard;
			sourceTree = "<group>";
		};
/* End PBXVariantGroup section */

/* Begin XCBuildConfiguration section */
		F8751D011FFC6A6B009CB58C /* Debug */ = {
			isa = XCBuildConfiguration;
			buildSettings = {
				ALWAYS_SEARCH_USER_PATHS = NO;
				CLANG_ANALYZER_NONNULL = YES;
				CLANG_ANALYZER_NUMBER_OBJECT_CONVERSION = YES_AGGRESSIVE;
				CLANG_CXX_LANGUAGE_STANDARD = "gnu++14";
				CLANG_CXX_LIBRARY = "libc++";
				CLANG_ENABLE_MODULES = YES;
				CLANG_ENABLE_OBJC_ARC = YES;
				CLANG_WARN_BLOCK_CAPTURE_AUTORELEASING = YES;
				CLANG_WARN_BOOL_CONVERSION = YES;
				CLANG_WARN_COMMA = YES;
				CLANG_WARN_CONSTANT_CONVERSION = YES;
				CLANG_WARN_DIRECT_OBJC_ISA_USAGE = YES_ERROR;
				CLANG_WARN_DOCUMENTATION_COMMENTS = YES;
				CLANG_WARN_EMPTY_BODY = YES;
				CLANG_WARN_ENUM_CONVERSION = YES;
				CLANG_WARN_INFINITE_RECURSION = YES;
				CLANG_WARN_INT_CONVERSION = YES;
				CLANG_WARN_NON_LITERAL_NULL_CONVERSION = YES;
				CLANG_WARN_OBJC_LITERAL_CONVERSION = YES;
				CLANG_WARN_OBJC_ROOT_CLASS = YES_ERROR;
				CLANG_WARN_RANGE_LOOP_ANALYSIS = YES;
				CLANG_WARN_STRICT_PROTOTYPES = YES;
				CLANG_WARN_SUSPICIOUS_MOVE = YES;
				CLANG_WARN_UNGUARDED_AVAILABILITY = YES_AGGRESSIVE;
				CLANG_WARN_UNREACHABLE_CODE = YES;
				CLANG_WARN__DUPLICATE_METHOD_MATCH = YES;
				CODE_SIGN_IDENTITY = "iPhone Developer";
				COPY_PHASE_STRIP = NO;
				DEBUG_INFORMATION_FORMAT = dwarf;
				ENABLE_STRICT_OBJC_MSGSEND = YES;
				ENABLE_TESTABILITY = YES;
				GCC_C_LANGUAGE_STANDARD = gnu11;
				GCC_DYNAMIC_NO_PIC = NO;
				GCC_NO_COMMON_BLOCKS = YES;
				GCC_OPTIMIZATION_LEVEL = 0;
				GCC_PREPROCESSOR_DEFINITIONS = (
					"DEBUG=1",
					"$(inherited)",
				);
				GCC_WARN_64_TO_32_BIT_CONVERSION = YES;
				GCC_WARN_ABOUT_RETURN_TYPE = YES_ERROR;
				GCC_WARN_UNDECLARED_SELECTOR = YES;
				GCC_WARN_UNINITIALIZED_AUTOS = YES_AGGRESSIVE;
				GCC_WARN_UNUSED_FUNCTION = YES;
				GCC_WARN_UNUSED_VARIABLE = YES;
				IPHONEOS_DEPLOYMENT_TARGET = 11.2;
				MTL_ENABLE_DEBUG_INFO = YES;
				ONLY_ACTIVE_ARCH = YES;
				SDKROOT = iphoneos;
				SWIFT_ACTIVE_COMPILATION_CONDITIONS = DEBUG;
				SWIFT_OPTIMIZATION_LEVEL = "-Onone";
			};
			name = Debug;
		};
		F8751D021FFC6A6B009CB58C /* Release */ = {
			isa = XCBuildConfiguration;
			buildSettings = {
				ALWAYS_SEARCH_USER_PATHS = NO;
				CLANG_ANALYZER_NONNULL = YES;
				CLANG_ANALYZER_NUMBER_OBJECT_CONVERSION = YES_AGGRESSIVE;
				CLANG_CXX_LANGUAGE_STANDARD = "gnu++14";
				CLANG_CXX_LIBRARY = "libc++";
				CLANG_ENABLE_MODULES = YES;
				CLANG_ENABLE_OBJC_ARC = YES;
				CLANG_WARN_BLOCK_CAPTURE_AUTORELEASING = YES;
				CLANG_WARN_BOOL_CONVERSION = YES;
				CLANG_WARN_COMMA = YES;
				CLANG_WARN_CONSTANT_CONVERSION = YES;
				CLANG_WARN_DIRECT_OBJC_ISA_USAGE = YES_ERROR;
				CLANG_WARN_DOCUMENTATION_COMMENTS = YES;
				CLANG_WARN_EMPTY_BODY = YES;
				CLANG_WARN_ENUM_CONVERSION = YES;
				CLANG_WARN_INFINITE_RECURSION = YES;
				CLANG_WARN_INT_CONVERSION = YES;
				CLANG_WARN_NON_LITERAL_NULL_CONVERSION = YES;
				CLANG_WARN_OBJC_LITERAL_CONVERSION = YES;
				CLANG_WARN_OBJC_ROOT_CLASS = YES_ERROR;
				CLANG_WARN_RANGE_LOOP_ANALYSIS = YES;
				CLANG_WARN_STRICT_PROTOTYPES = YES;
				CLANG_WARN_SUSPICIOUS_MOVE = YES;
				CLANG_WARN_UNGUARDED_AVAILABILITY = YES_AGGRESSIVE;
				CLANG_WARN_UNREACHABLE_CODE = YES;
				CLANG_WARN__DUPLICATE_METHOD_MATCH = YES;
				CODE_SIGN_IDENTITY = "iPhone Developer";
				COPY_PHASE_STRIP = NO;
				DEBUG_INFORMATION_FORMAT = "dwarf-with-dsym";
				ENABLE_NS_ASSERTIONS = NO;
				ENABLE_STRICT_OBJC_MSGSEND = YES;
				GCC_C_LANGUAGE_STANDARD = gnu11;
				GCC_NO_COMMON_BLOCKS = YES;
				GCC_WARN_64_TO_32_BIT_CONVERSION = YES;
				GCC_WARN_ABOUT_RETURN_TYPE = YES_ERROR;
				GCC_WARN_UNDECLARED_SELECTOR = YES;
				GCC_WARN_UNINITIALIZED_AUTOS = YES_AGGRESSIVE;
				GCC_WARN_UNUSED_FUNCTION = YES;
				GCC_WARN_UNUSED_VARIABLE = YES;
				IPHONEOS_DEPLOYMENT_TARGET = 11.2;
				MTL_ENABLE_DEBUG_INFO = NO;
				SDKROOT = iphoneos;
				SWIFT_OPTIMIZATION_LEVEL = "-Owholemodule";
				VALIDATE_PRODUCT = YES;
			};
			name = Release;
		};
		F8751D041FFC6A6B009CB58C /* Debug */ = {
			isa = XCBuildConfiguration;
			baseConfigurationReference = 7F1D8FFAFBE1DE950B11D2AD /* Pods-SolarKit-SwiftExample.debug.xcconfig */;
			buildSettings = {
				ASSETCATALOG_COMPILER_APPICON_NAME = AppIcon;
				CODE_SIGN_STYLE = Manual;
				DEVELOPMENT_TEAM = L5WU564W59;
				INFOPLIST_FILE = "SolarKit-SwiftExample/Info.plist";
				IPHONEOS_DEPLOYMENT_TARGET = 8.0;
				LD_RUNPATH_SEARCH_PATHS = "$(inherited) @executable_path/Frameworks";
				PRODUCT_BUNDLE_IDENTIFIER = "com.SolarKit.SolarKit-Swift";
				PRODUCT_NAME = "$(TARGET_NAME)";
				PROVISIONING_PROFILE = "8a2739a8-ea12-4502-895b-82da60aa77cf";
				PROVISIONING_PROFILE_SPECIFIER = XNWildcard;
				SWIFT_VERSION = 4.0;
				TARGETED_DEVICE_FAMILY = "1,2";
			};
			name = Debug;
		};
		F8751D051FFC6A6B009CB58C /* Release */ = {
			isa = XCBuildConfiguration;
			baseConfigurationReference = 9DEA2FB203FF8262C7FB8FD7 /* Pods-SolarKit-SwiftExample.release.xcconfig */;
			buildSettings = {
				ASSETCATALOG_COMPILER_APPICON_NAME = AppIcon;
				CODE_SIGN_STYLE = Manual;
				DEVELOPMENT_TEAM = "";
				INFOPLIST_FILE = "SolarKit-SwiftExample/Info.plist";
				IPHONEOS_DEPLOYMENT_TARGET = 8.0;
				LD_RUNPATH_SEARCH_PATHS = "$(inherited) @executable_path/Frameworks";
				PRODUCT_BUNDLE_IDENTIFIER = "com.SolarKit.SolarKit-Swift";
				PRODUCT_NAME = "$(TARGET_NAME)";
				PROVISIONING_PROFILE_SPECIFIER = "";
				SWIFT_VERSION = 4.0;
				TARGETED_DEVICE_FAMILY = "1,2";
			};
			name = Release;
		};
		F8B96E1C2005B6A700A07709 /* SIT */ = {
			isa = XCBuildConfiguration;
			buildSettings = {
				ALWAYS_SEARCH_USER_PATHS = NO;
				CLANG_ANALYZER_NONNULL = YES;
				CLANG_ANALYZER_NUMBER_OBJECT_CONVERSION = YES_AGGRESSIVE;
				CLANG_CXX_LANGUAGE_STANDARD = "gnu++14";
				CLANG_CXX_LIBRARY = "libc++";
				CLANG_ENABLE_MODULES = YES;
				CLANG_ENABLE_OBJC_ARC = YES;
				CLANG_WARN_BLOCK_CAPTURE_AUTORELEASING = YES;
				CLANG_WARN_BOOL_CONVERSION = YES;
				CLANG_WARN_COMMA = YES;
				CLANG_WARN_CONSTANT_CONVERSION = YES;
				CLANG_WARN_DIRECT_OBJC_ISA_USAGE = YES_ERROR;
				CLANG_WARN_DOCUMENTATION_COMMENTS = YES;
				CLANG_WARN_EMPTY_BODY = YES;
				CLANG_WARN_ENUM_CONVERSION = YES;
				CLANG_WARN_INFINITE_RECURSION = YES;
				CLANG_WARN_INT_CONVERSION = YES;
				CLANG_WARN_NON_LITERAL_NULL_CONVERSION = YES;
				CLANG_WARN_OBJC_LITERAL_CONVERSION = YES;
				CLANG_WARN_OBJC_ROOT_CLASS = YES_ERROR;
				CLANG_WARN_RANGE_LOOP_ANALYSIS = YES;
				CLANG_WARN_STRICT_PROTOTYPES = YES;
				CLANG_WARN_SUSPICIOUS_MOVE = YES;
				CLANG_WARN_UNGUARDED_AVAILABILITY = YES_AGGRESSIVE;
				CLANG_WARN_UNREACHABLE_CODE = YES;
				CLANG_WARN__DUPLICATE_METHOD_MATCH = YES;
				CODE_SIGN_IDENTITY = "iPhone Developer";
				COPY_PHASE_STRIP = NO;
				DEBUG_INFORMATION_FORMAT = dwarf;
				ENABLE_STRICT_OBJC_MSGSEND = YES;
				ENABLE_TESTABILITY = YES;
				GCC_C_LANGUAGE_STANDARD = gnu11;
				GCC_DYNAMIC_NO_PIC = NO;
				GCC_NO_COMMON_BLOCKS = YES;
				GCC_OPTIMIZATION_LEVEL = 0;
				GCC_PREPROCESSOR_DEFINITIONS = (
					"DEBUG=1",
					"$(inherited)",
				);
				GCC_WARN_64_TO_32_BIT_CONVERSION = YES;
				GCC_WARN_ABOUT_RETURN_TYPE = YES_ERROR;
				GCC_WARN_UNDECLARED_SELECTOR = YES;
				GCC_WARN_UNINITIALIZED_AUTOS = YES_AGGRESSIVE;
				GCC_WARN_UNUSED_FUNCTION = YES;
				GCC_WARN_UNUSED_VARIABLE = YES;
				IPHONEOS_DEPLOYMENT_TARGET = 11.2;
				MTL_ENABLE_DEBUG_INFO = YES;
				ONLY_ACTIVE_ARCH = YES;
				SDKROOT = iphoneos;
				SWIFT_ACTIVE_COMPILATION_CONDITIONS = DEBUG;
				SWIFT_OPTIMIZATION_LEVEL = "-Onone";
			};
			name = SIT;
		};
		F8B96E1D2005B6A700A07709 /* SIT */ = {
			isa = XCBuildConfiguration;
			baseConfigurationReference = 847AE5423D0AC18514EB6E64 /* Pods-SolarKit-SwiftExample.sit.xcconfig */;
			buildSettings = {
				ASSETCATALOG_COMPILER_APPICON_NAME = AppIcon;
				CODE_SIGN_STYLE = Manual;
				DEVELOPMENT_TEAM = "";
				INFOPLIST_FILE = "SolarKit-SwiftExample/Info.plist";
				IPHONEOS_DEPLOYMENT_TARGET = 8.0;
				LD_RUNPATH_SEARCH_PATHS = "$(inherited) @executable_path/Frameworks";
				PRODUCT_BUNDLE_IDENTIFIER = "com.SolarKit.SolarKit-Swift";
				PRODUCT_NAME = "$(TARGET_NAME)";
				PROVISIONING_PROFILE_SPECIFIER = "";
				SWIFT_VERSION = 4.0;
				TARGETED_DEVICE_FAMILY = "1,2";
			};
			name = SIT;
		};
/* End XCBuildConfiguration section */

/* Begin XCConfigurationList section */
		F8751CEC1FFC6A6B009CB58C /* Build configuration list for PBXProject "SolarKit-SwiftExample" */ = {
			isa = XCConfigurationList;
			buildConfigurations = (
				F8751D011FFC6A6B009CB58C /* Debug */,
				F8B96E1C2005B6A700A07709 /* SIT */,
				F8751D021FFC6A6B009CB58C /* Release */,
			);
			defaultConfigurationIsVisible = 0;
			defaultConfigurationName = Release;
		};
		F8751D031FFC6A6B009CB58C /* Build configuration list for PBXNativeTarget "SolarKit-SwiftExample" */ = {
			isa = XCConfigurationList;
			buildConfigurations = (
				F8751D041FFC6A6B009CB58C /* Debug */,
				F8B96E1D2005B6A700A07709 /* SIT */,
				F8751D051FFC6A6B009CB58C /* Release */,
			);
			defaultConfigurationIsVisible = 0;
			defaultConfigurationName = Release;
		};
/* End XCConfigurationList section */
	};
	rootObject = F8751CE91FFC6A6B009CB58C /* Project object */;
}
